# This file is generated by running "yarn install" inside your project.
# Manual changes might be lost - proceed with caution!

__metadata:
  version: 8
  cacheKey: 10c0

"packageA@portal:./extra-packages/packageA::locator=portalTest%40workspace%3A.":
  version: 0.0.0-use.local
  resolution: "packageA@portal:./extra-packages/packageA::locator=portalTest%40workspace%3A."
  dependencies:
    packageB: "portal:../packageB"
  peerDependencies:
    packageC: "*"
  languageName: node
  linkType: soft

"packageB@file:../packageB/packageB-v1.0.0.tgz::locator=portalTest%40workspace%3A.":
  version: 1.0.0
  resolution: "packageB@file:../packageB/packageB-v1.0.0.tgz#../packageB/packageB-v1.0.0.tgz::hash=a034db&locator=portalTest%40workspace%3A."
  checksum: 10c0/92d2e3644d283eb99d50bd85269c4f2a3afbabf4d21e24e609b637d447e8b0e9d66e8164b4a608d406379d48ff5b38ada3696c9e21d9b43e360838002ec6fc3f
  languageName: node
  linkType: hard

"packageB@portal:../packageB::locator=packageA%40portal%3A.%2Fextra-packages%2FpackageA%3A%3Alocator%3DportalTest%2540workspace%253A.":
  version: 0.0.0-use.local
  resolution: "packageB@portal:../packageB::locator=packageA%40portal%3A.%2Fextra-packages%2FpackageA%3A%3Alocator%3DportalTest%2540workspace%253A."
  languageName: node
  linkType: soft

"packageC@file:../packageC/packageC-v1.0.0.tgz::locator=portalTest%40workspace%3A.":
  version: 1.0.0
  resolution: "packageC@file:../packageC/packageC-v1.0.0.tgz#../packageC/packageC-v1.0.0.tgz::hash=7c5a11&locator=portalTest%40workspace%3A."
  peerDependencies:
    packageB: "*"
  checksum: 10c0/29d4eec819c88b6f49a16880c747802d79a73ea8bbf4942facfe09e02c70a160107901b1de58d1474081beac3c9d1f0c6f0173d396195a82217b6067fedda110
  languageName: node
  linkType: hard

"portalTest@workspace:.":
  version: 0.0.0-use.local
  resolution: "portalTest@workspace:."
  dependencies:
    packageA: "portal:./extra-packages/packageA"
    packageB: ../packageB/packageB-v1.0.0.tgz
    packageC: ../packageC/packageC-v1.0.0.tgz
  languageName: unknown
  linkType: soft
